// !$*UTF8*$!
{
	archiveVersion = 1;
	classes = {
	};
	objectVersion = 46;
	objects = {

/* Begin PBXBuildFile section */
		2A0EE0461A37A8C50006F0A4 /* main.m in Sources */ = {isa = PBXBuildFile; fileRef = 2A0EE0451A37A8C50006F0A4 /* main.m */; };
		2A0EE0491A37A8C50006F0A4 /* AppDelegate.m in Sources */ = {isa = PBXBuildFile; fileRef = 2A0EE0481A37A8C50006F0A4 /* AppDelegate.m */; };
		2A0EE04F1A37A8C50006F0A4 /* Main.storyboard in Resources */ = {isa = PBXBuildFile; fileRef = 2A0EE04D1A37A8C50006F0A4 /* Main.storyboard */; };
		2A0EE0511A37A8C50006F0A4 /* Images.xcassets in Resources */ = {isa = PBXBuildFile; fileRef = 2A0EE0501A37A8C50006F0A4 /* Images.xcassets */; };
		2A0EE0601A37A8C50006F0A4 /* TwoLabelTableTests.m in Sources */ = {isa = PBXBuildFile; fileRef = 2A0EE05F1A37A8C50006F0A4 /* TwoLabelTableTests.m */; };
		2A0EE06B1A37A93B0006F0A4 /* TableViewController.m in Sources */ = {isa = PBXBuildFile; fileRef = 2A0EE06A1A37A93B0006F0A4 /* TableViewController.m */; };
		2A0EE06E1A37AA3E0006F0A4 /* TableViewCell.m in Sources */ = {isa = PBXBuildFile; fileRef = 2A0EE06D1A37AA3E0006F0A4 /* TableViewCell.m */; };
		2A0EE0701A37AB380006F0A4 /* Default-568h@2x.png in Resources */ = {isa = PBXBuildFile; fileRef = 2A0EE06F1A37AB380006F0A4 /* Default-568h@2x.png */; };
/* End PBXBuildFile section */

/* Begin PBXContainerItemProxy section */
		2A0EE05A1A37A8C50006F0A4 /* PBXContainerItemProxy */ = {
			isa = PBXContainerItemProxy;
			containerPortal = 2A0EE0381A37A8C50006F0A4 /* Project object */;
			proxyType = 1;
			remoteGlobalIDString = 2A0EE03F1A37A8C50006F0A4;
			remoteInfo = TwoLabelTable;
		};
/* End PBXContainerItemProxy section */

/* Begin PBXFileReference section */
		2A0EE0401A37A8C50006F0A4 /* TwoLabelTable.app */ = {isa = PBXFileReference; explicitFileType = wrapper.application; includeInIndex = 0; path = TwoLabelTable.app; sourceTree = BUILT_PRODUCTS_DIR; };
		2A0EE0441A37A8C50006F0A4 /* Info.plist */ = {isa = PBXFileReference; lastKnownFileType = text.plist.xml; path = Info.plist; sourceTree = "<group>"; };
		2A0EE0451A37A8C50006F0A4 /* main.m */ = {isa = PBXFileReference; lastKnownFileType = sourcecode.c.objc; path = main.m; sourceTree = "<group>"; };
		2A0EE0471A37A8C50006F0A4 /* AppDelegate.h */ = {isa = PBXFileReference; lastKnownFileType = sourcecode.c.h; path = AppDelegate.h; sourceTree = "<group>"; };
		2A0EE0481A37A8C50006F0A4 /* AppDelegate.m */ = {isa = PBXFileReference; lastKnownFileType = sourcecode.c.objc; path = AppDelegate.m; sourceTree = "<group>"; };
		2A0EE04E1A37A8C50006F0A4 /* Base */ = {isa = PBXFileReference; lastKnownFileType = file.storyboard; name = Base; path = Base.lproj/Main.storyboard; sourceTree = "<group>"; };
		2A0EE0501A37A8C50006F0A4 /* Images.xcassets */ = {isa = PBXFileReference; lastKnownFileType = folder.assetcatalog; path = Images.xcassets; sourceTree = "<group>"; };
		2A0EE0591A37A8C50006F0A4 /* TwoLabelTableTests.xctest */ = {isa = PBXFileReference; explicitFileType = wrapper.cfbundle; includeInIndex = 0; path = TwoLabelTableTests.xctest; sourceTree = BUILT_PRODUCTS_DIR; };
		2A0EE05E1A37A8C50006F0A4 /* Info.plist */ = {isa = PBXFileReference; lastKnownFileType = text.plist.xml; path = Info.plist; sourceTree = "<group>"; };
		2A0EE05F1A37A8C50006F0A4 /* TwoLabelTableTests.m */ = {isa = PBXFileReference; lastKnownFileType = sourcecode.c.objc; path = TwoLabelTableTests.m; sourceTree = "<group>"; };
		2A0EE0691A37A93B0006F0A4 /* TableViewController.h */ = {isa = PBXFileReference; fileEncoding = 4; lastKnownFileType = sourcecode.c.h; path = TableViewController.h; sourceTree = "<group>"; };
		2A0EE06A1A37A93B0006F0A4 /* TableViewController.m */ = {isa = PBXFileReference; fileEncoding = 4; lastKnownFileType = sourcecode.c.objc; path = TableViewController.m; sourceTree = "<group>"; };
		2A0EE06C1A37AA3E0006F0A4 /* TableViewCell.h */ = {isa = PBXFileReference; fileEncoding = 4; lastKnownFileType = sourcecode.c.h; path = TableViewCell.h; sourceTree = "<group>"; };
		2A0EE06D1A37AA3E0006F0A4 /* TableViewCell.m */ = {isa = PBXFileReference; fileEncoding = 4; lastKnownFileType = sourcecode.c.objc; path = TableViewCell.m; sourceTree = "<group>"; };
		2A0EE06F1A37AB380006F0A4 /* Default-568h@2x.png */ = {isa = PBXFileReference; lastKnownFileType = image.png; path = "Default-568h@2x.png"; sourceTree = "<group>"; };
/* End PBXFileReference section */

/* Begin PBXFrameworksBuildPhase section */
		2A0EE03D1A37A8C50006F0A4 /* Frameworks */ = {
			isa = PBXFrameworksBuildPhase;
			buildActionMask = 2147483647;
			files = (
			);
			runOnlyForDeploymentPostprocessing = 0;
		};
		2A0EE0561A37A8C50006F0A4 /* Frameworks */ = {
			isa = PBXFrameworksBuildPhase;
			buildActionMask = 2147483647;
			files = (
			);
			runOnlyForDeploymentPostprocessing = 0;
		};
/* End PBXFrameworksBuildPhase section */

/* Begin PBXGroup section */
		2A0EE0371A37A8C50006F0A4 = {
			isa = PBXGroup;
			children = (
				2A0EE06F1A37AB380006F0A4 /* Default-568h@2x.png */,
				2A0EE0421A37A8C50006F0A4 /* TwoLabelTable */,
				2A0EE05C1A37A8C50006F0A4 /* TwoLabelTableTests */,
				2A0EE0411A37A8C50006F0A4 /* Products */,
			);
			sourceTree = "<group>";
		};
		2A0EE0411A37A8C50006F0A4 /* Products */ = {
			isa = PBXGroup;
			children = (
				2A0EE0401A37A8C50006F0A4 /* TwoLabelTable.app */,
				2A0EE0591A37A8C50006F0A4 /* TwoLabelTableTests.xctest */,
			);
			name = Products;
			sourceTree = "<group>";
		};
		2A0EE0421A37A8C50006F0A4 /* TwoLabelTable */ = {
			isa = PBXGroup;
			children = (
				2A0EE0471A37A8C50006F0A4 /* AppDelegate.h */,
				2A0EE0481A37A8C50006F0A4 /* AppDelegate.m */,
				2A0EE0691A37A93B0006F0A4 /* TableViewController.h */,
				2A0EE06A1A37A93B0006F0A4 /* TableViewController.m */,
				2A0EE06C1A37AA3E0006F0A4 /* TableViewCell.h */,
				2A0EE06D1A37AA3E0006F0A4 /* TableViewCell.m */,
				2A0EE04D1A37A8C50006F0A4 /* Main.storyboard */,
				2A0EE0501A37A8C50006F0A4 /* Images.xcassets */,
				2A0EE0431A37A8C50006F0A4 /* Supporting Files */,
			);
			path = TwoLabelTable;
			sourceTree = "<group>";
		};
		2A0EE0431A37A8C50006F0A4 /* Supporting Files */ = {
			isa = PBXGroup;
			children = (
				2A0EE0441A37A8C50006F0A4 /* Info.plist */,
				2A0EE0451A37A8C50006F0A4 /* main.m */,
			);
			name = "Supporting Files";
			sourceTree = "<group>";
		};
		2A0EE05C1A37A8C50006F0A4 /* TwoLabelTableTests */ = {
			isa = PBXGroup;
			children = (
				2A0EE05F1A37A8C50006F0A4 /* TwoLabelTableTests.m */,
				2A0EE05D1A37A8C50006F0A4 /* Supporting Files */,
			);
			path = TwoLabelTableTests;
			sourceTree = "<group>";
		};
		2A0EE05D1A37A8C50006F0A4 /* Supporting Files */ = {
			isa = PBXGroup;
			children = (
				2A0EE05E1A37A8C50006F0A4 /* Info.plist */,
			);
			name = "Supporting Files";
			sourceTree = "<group>";
		};
/* End PBXGroup section */

/* Begin PBXNativeTarget section */
		2A0EE03F1A37A8C50006F0A4 /* TwoLabelTable */ = {
			isa = PBXNativeTarget;
			buildConfigurationList = 2A0EE0631A37A8C50006F0A4 /* Build configuration list for PBXNativeTarget "TwoLabelTable" */;
			buildPhases = (
				2A0EE03C1A37A8C50006F0A4 /* Sources */,
				2A0EE03D1A37A8C50006F0A4 /* Frameworks */,
				2A0EE03E1A37A8C50006F0A4 /* Resources */,
			);
			buildRules = (
			);
			dependencies = (
			);
			name = TwoLabelTable;
			productName = TwoLabelTable;
			productReference = 2A0EE0401A37A8C50006F0A4 /* TwoLabelTable.app */;
			productType = "com.apple.product-type.application";
		};
		2A0EE0581A37A8C50006F0A4 /* TwoLabelTableTests */ = {
			isa = PBXNativeTarget;
			buildConfigurationList = 2A0EE0661A37A8C50006F0A4 /* Build configuration list for PBXNativeTarget "TwoLabelTableTests" */;
			buildPhases = (
				2A0EE0551A37A8C50006F0A4 /* Sources */,
				2A0EE0561A37A8C50006F0A4 /* Frameworks */,
				2A0EE0571A37A8C50006F0A4 /* Resources */,
			);
			buildRules = (
			);
			dependencies = (
				2A0EE05B1A37A8C50006F0A4 /* PBXTargetDependency */,
			);
			name = TwoLabelTableTests;
			productName = TwoLabelTableTests;
			productReference = 2A0EE0591A37A8C50006F0A4 /* TwoLabelTableTests.xctest */;
			productType = "com.apple.product-type.bundle.unit-test";
		};
/* End PBXNativeTarget section */

/* Begin PBXProject section */
		2A0EE0381A37A8C50006F0A4 /* Project object */ = {
			isa = PBXProject;
			attributes = {
				LastUpgradeCheck = 0610;
				TargetAttributes = {
					2A0EE03F1A37A8C50006F0A4 = {
						CreatedOnToolsVersion = 6.1.1;
					};
					2A0EE0581A37A8C50006F0A4 = {
						CreatedOnToolsVersion = 6.1.1;
						TestTargetID = 2A0EE03F1A37A8C50006F0A4;
					};
				};
			};
			buildConfigurationList = 2A0EE03B1A37A8C50006F0A4 /* Build configuration list for PBXProject "TwoLabelTable" */;
			compatibilityVersion = "Xcode 3.2";
			developmentRegion = English;
			hasScannedForEncodings = 0;
			knownRegions = (
				en,
				Base,
			);
			mainGroup = 2A0EE0371A37A8C50006F0A4;
			productRefGroup = 2A0EE0411A37A8C50006F0A4 /* Products */;
			projectDirPath = "";
			projectRoot = "";
			targets = (
				2A0EE03F1A37A8C50006F0A4 /* TwoLabelTable */,
				2A0EE0581A37A8C50006F0A4 /* TwoLabelTableTests */,
			);
		};
/* End PBXProject section */

/* Begin PBXResourcesBuildPhase section */
		2A0EE03E1A37A8C50006F0A4 /* Resources */ = {
			isa = PBXResourcesBuildPhase;
			buildActionMask = 2147483647;
			files = (
				2A0EE04F1A37A8C50006F0A4 /* Main.storyboard in Resources */,
				2A0EE0511A37A8C50006F0A4 /* Images.xcassets in Resources */,
				2A0EE0701A37AB380006F0A4 /* Default-568h@2x.png in Resources */,
			);
			runOnlyForDeploymentPostprocessing = 0;
		};
		2A0EE0571A37A8C50006F0A4 /* Resources */ = {
			isa = PBXResourcesBuildPhase;
			buildActionMask = 2147483647;
			files = (
			);
			runOnlyForDeploymentPostprocessing = 0;
		};
/* End PBXResourcesBuildPhase section */

/* Begin PBXSourcesBuildPhase section */
		2A0EE03C1A37A8C50006F0A4 /* Sources */ = {
			isa = PBXSourcesBuildPhase;
			buildActionMask = 2147483647;
			files = (
				2A0EE0491A37A8C50006F0A4 /* AppDelegate.m in Sources */,
				2A0EE06E1A37AA3E0006F0A4 /* TableViewCell.m in Sources */,
				2A0EE06B1A37A93B0006F0A4 /* TableViewController.m in Sources */,
				2A0EE0461A37A8C50006F0A4 /* main.m in Sources */,
			);
			runOnlyForDeploymentPostprocessing = 0;
		};
		2A0EE0551A37A8C50006F0A4 /* Sources */ = {
			isa = PBXSourcesBuildPhase;
			buildActionMask = 2147483647;
			files = (
				2A0EE0601A37A8C50006F0A4 /* TwoLabelTableTests.m in Sources */,
			);
			runOnlyForDeploymentPostprocessing = 0;
		};
/* End PBXSourcesBuildPhase section */

/* Begin PBXTargetDependency section */
		2A0EE05B1A37A8C50006F0A4 /* PBXTargetDependency */ = {
			isa = PBXTargetDependency;
			target = 2A0EE03F1A37A8C50006F0A4 /* TwoLabelTable */;
			targetProxy = 2A0EE05A1A37A8C50006F0A4 /* PBXContainerItemProxy */;
		};
/* End PBXTargetDependency section */

/* Begin PBXVariantGroup section */
		2A0EE04D1A37A8C50006F0A4 /* Main.storyboard */ = {
			isa = PBXVariantGroup;
			children = (
				2A0EE04E1A37A8C50006F0A4 /* Base */,
			);
			name = Main.storyboard;
			sourceTree = "<group>";
		};
/* End PBXVariantGroup section */

/* Begin XCBuildConfiguration section */
		2A0EE0611A37A8C50006F0A4 /* Debug */ = {
			isa = XCBuildConfiguration;
			buildSettings = {
				ALWAYS_SEARCH_USER_PATHS = NO;
				CLANG_CXX_LANGUAGE_STANDARD = "gnu++0x";
				CLANG_CXX_LIBRARY = "libc++";
				CLANG_ENABLE_MODULES = YES;
				CLANG_ENABLE_OBJC_ARC = YES;
				CLANG_WARN_BOOL_CONVERSION = YES;
				CLANG_WARN_CONSTANT_CONVERSION = YES;
				CLANG_WARN_DIRECT_OBJC_ISA_USAGE = YES_ERROR;
				CLANG_WARN_EMPTY_BODY = YES;
				CLANG_WARN_ENUM_CONVERSION = YES;
				CLANG_WARN_INT_CONVERSION = YES;
				CLANG_WARN_OBJC_ROOT_CLASS = YES_ERROR;
				CLANG_WARN_UNREACHABLE_CODE = YES;
				CLANG_WARN__DUPLICATE_METHOD_MATCH = YES;
				"CODE_SIGN_IDENTITY[sdk=iphoneos*]" = "iPhone Developer";
				COPY_PHASE_STRIP = NO;
				ENABLE_STRICT_OBJC_MSGSEND = YES;
				GCC_C_LANGUAGE_STANDARD = gnu99;
				GCC_DYNAMIC_NO_PIC = NO;
				GCC_OPTIMIZATION_LEVEL = 0;
				GCC_PREPROCESSOR_DEFINITIONS = (
					"DEBUG=1",
					"$(inherited)",
				);
				GCC_SYMBOLS_PRIVATE_EXTERN = NO;
				GCC_WARN_64_TO_32_BIT_CONVERSION = YES;
				GCC_WARN_ABOUT_RETURN_TYPE = YES_ERROR;
				GCC_WARN_UNDECLARED_SELECTOR = YES;
				GCC_WARN_UNINITIALIZED_AUTOS = YES_AGGRESSIVE;
				GCC_WARN_UNUSED_FUNCTION = YES;
				GCC_WARN_UNUSED_VARIABLE = YES;
				IPHONEOS_DEPLOYMENT_TARGET = 8.1;
				MTL_ENABLE_DEBUG_INFO = YES;
				ONLY_ACTIVE_ARCH = YES;
				SDKROOT = iphoneos;
			};
			name = Debug;
		};
		2A0EE0621A37A8C50006F0A4 /* Release */ = {
			isa = XCBuildConfiguration;
			buildSettings = {
				ALWAYS_SEARCH_USER_PATHS = NO;
				CLANG_CXX_LANGUAGE_STANDARD = "gnu++0x";
				CLANG_CXX_LIBRARY = "libc++";
				CLANG_ENABLE_MODULES = YES;
				CLANG_ENABLE_OBJC_ARC = YES;
				CLANG_WARN_BOOL_CONVERSION = YES;
				CLANG_WARN_CONSTANT_CONVERSION = YES;
				CLANG_WARN_DIRECT_OBJC_ISA_USAGE = YES_ERROR;
				CLANG_WARN_EMPTY_BODY = YES;
				CLANG_WARN_ENUM_CONVERSION = YES;
				CLANG_WARN_INT_CONVERSION = YES;
				CLANG_WARN_OBJC_ROOT_CLASS = YES_ERROR;
				CLANG_WARN_UNREACHABLE_CODE = YES;
				CLANG_WARN__DUPLICATE_METHOD_MATCH = YES;
				"CODE_SIGN_IDENTITY[sdk=iphoneos*]" = "iPhone Developer";
				COPY_PHASE_STRIP = YES;
				ENABLE_NS_ASSERTIONS = NO;
				ENABLE_STRICT_OBJC_MSGSEND = YES;
				GCC_C_LANGUAGE_STANDARD = gnu99;
				GCC_WARN_64_TO_32_BIT_CONVERSION = YES;
				GCC_WARN_ABOUT_RETURN_TYPE = YES_ERROR;
				GCC_WARN_UNDECLARED_SELECTOR = YES;
				GCC_WARN_UNINITIALIZED_AUTOS = YES_AGGRESSIVE;
				GCC_WARN_UNUSED_FUNCTION = YES;
				GCC_WARN_UNUSED_VARIABLE = YES;
				IPHONEOS_DEPLOYMENT_TARGET = 8.1;
				MTL_ENABLE_DEBUG_INFO = NO;
				SDKROOT = iphoneos;
				VALIDATE_PRODUCT = YES;
			};
			name = Release;
		};
		2A0EE0641A37A8C50006F0A4 /* Debug */ = {
			isa = XCBuildConfiguration;
			buildSettings = {
				ASSETCATALOG_COMPILER_APPICON_NAME = AppIcon;
				INFOPLIST_FILE = TwoLabelTable/Info.plist;
				IPHONEOS_DEPLOYMENT_TARGET = 8.1;
				LD_RUNPATH_SEARCH_PATHS = "$(inherited) @executable_path/Frameworks";
				PRODUCT_NAME = "$(TARGET_NAME)";
			};
			name = Debug;
		};
		2A0EE0651A37A8C50006F0A4 /* Release */ = {
			isa = XCBuildConfiguration;
			buildSettings = {
				ASSETCATALOG_COMPILER_APPICON_NAME = AppIcon;
				INFOPLIST_FILE = TwoLabelTable/Info.plist;
				IPHONEOS_DEPLOYMENT_TARGET = 8.1;
				LD_RUNPATH_SEARCH_PATHS = "$(inherited) @executable_path/Frameworks";
				PRODUCT_NAME = "$(TARGET_NAME)";
			};
			name = Release;
		};
		2A0EE0671A37A8C50006F0A4 /* Debug */ = {
			isa = XCBuildConfiguration;
			buildSettings = {
				BUNDLE_LOADER = "$(TEST_HOST)";
				FRAMEWORK_SEARCH_PATHS = (
					"$(SDKROOT)/Developer/Library/Frameworks",
					"$(inherited)",
				);
				GCC_PREPROCESSOR_DEFINITIONS = (
					"DEBUG=1",
					"$(inherited)",
				);
				INFOPLIST_FILE = TwoLabelTableTests/Info.plist;
				LD_RUNPATH_SEARCH_PATHS = "$(inherited) @executable_path/Frameworks @loader_path/Frameworks";
				PRODUCT_NAME = "$(TARGET_NAME)";
				TEST_HOST = "$(BUILT_PRODUCTS_DIR)/TwoLabelTable.app/TwoLabelTable";
			};
			name = Debug;
		};
		2A0EE0681A37A8C50006F0A4 /* Release */ = {
			isa = XCBuildConfiguration;
			buildSettings = {
				BUNDLE_LOADER = "$(TEST_HOST)";
				FRAMEWORK_SEARCH_PATHS = (
					"$(SDKROOT)/Developer/Library/Frameworks",
					"$(inherited)",
				);
				INFOPLIST_FILE = TwoLabelTableTests/Info.plist;
				LD_RUNPATH_SEARCH_PATHS = "$(inherited) @executable_path/Frameworks @loader_path/Frameworks";
				PRODUCT_NAME = "$(TARGET_NAME)";
				TEST_HOST = "$(BUILT_PRODUCTS_DIR)/TwoLabelTable.app/TwoLabelTable";
			};
			name = Release;
		};
/* End XCBuildConfiguration section */

/* Begin XCConfigurationList section */
		2A0EE03B1A37A8C50006F0A4 /* Build configuration list for PBXProject "TwoLabelTable" */ = {
			isa = XCConfigurationList;
			buildConfigurations = (
				2A0EE0611A37A8C50006F0A4 /* Debug */,
				2A0EE0621A37A8C50006F0A4 /* Release */,
			);
			defaultConfigurationIsVisible = 0;
			defaultConfigurationName = Release;
		};
		2A0EE0631A37A8C50006F0A4 /* Build configuration list for PBXNativeTarget "TwoLabelTable" */ = {
			isa = XCConfigurationList;
			buildConfigurations = (
				2A0EE0641A37A8C50006F0A4 /* Debug */,
				2A0EE0651A37A8C50006F0A4 /* Release */,
			);
			defaultConfigurationIsVisible = 0;
		};
		2A0EE0661A37A8C50006F0A4 /* Build configuration list for PBXNativeTarget "TwoLabelTableTests" */ = {
			isa = XCConfigurationList;
			buildConfigurations = (
				2A0EE0671A37A8C50006F0A4 /* Debug */,
				2A0EE0681A37A8C50006F0A4 /* Release */,
			);
			defaultConfigurationIsVisible = 0;
		};
/* End XCConfigurationList section */
	};
	rootObject = 2A0EE0381A37A8C50006F0A4 /* Project object */;
}
